
Microsoft Visual Studio Solution File, Format Version 12.00
# Visual Studio Version 16
VisualStudioVersion = 25.0.1700.5
MinimumVisualStudioVersion = 10.0.40219.1
Project("{FAE04EC0-301F-11D3-BF4B-00C04F79EFBC}") = "CityInfo", "CityInfo.csproj", "{77CE582D-7E5A-492E-ACCD-0A144AE623FD}"
EndProject
Global
	GlobalSection(SolutionConfigurationPlatforms) = preSolution
		Debug|Any CPU = Debug|Any CPU
		Release|Any CPU = Release|Any CPU
	EndGlobalSection
	GlobalSection(ProjectConfigurationPlatforms) = postSolution
		{77CE582D-7E5A-492E-ACCD-0A144AE623FD}.Debug|Any CPU.ActiveCfg = Debug|Any CPU
		{77CE582D-7E5A-492E-ACCD-0A144AE623FD}.Debug|Any CPU.Build.0 = Debug|Any CPU
		{77CE582D-7E5A-492E-ACCD-0A144AE623FD}.Release|Any CPU.ActiveCfg = Release|Any CPU
		{77CE582D-7E5A-492E-ACCD-0A144AE623FD}.Release|Any CPU.Build.0 = Release|Any CPU
	EndGlobalSection
	GlobalSection(SolutionProperties) = preSolution
		HideSolutionNode = FALSE
	EndGlobalSection
	GlobalSection(ExtensibilityGlobals) = postSolution
		SolutionGuid = {CC649BE4-CEDB-42ED-9DF9-4AB19AE54620}
	EndGlobalSection
EndGlobal
